// !$*UTF8*$!
{
	archiveVersion = 1;
	classes = {
	};
	objectVersion = 50;
	objects = {

/* Begin PBXBuildFile section */
		13D1EEA62146EDCF00701578 /* AppDelegate.swift in Sources */ = {isa = PBXBuildFile; fileRef = 13D1EEA52146EDCF00701578 /* AppDelegate.swift */; };
		13D1EEA82146EDCF00701578 /* ViewController.swift in Sources */ = {isa = PBXBuildFile; fileRef = 13D1EEA72146EDCF00701578 /* ViewController.swift */; };
		13D1EEAB2146EDCF00701578 /* Main.storyboard in Resources */ = {isa = PBXBuildFile; fileRef = 13D1EEA92146EDCF00701578 /* Main.storyboard */; };
		13D1EEAD2146EDD100701578 /* Assets.xcassets in Resources */ = {isa = PBXBuildFile; fileRef = 13D1EEAC2146EDD100701578 /* Assets.xcassets */; };
		13D1EEB02146EDD100701578 /* LaunchScreen.storyboard in Resources */ = {isa = PBXBuildFile; fileRef = 13D1EEAE2146EDD100701578 /* LaunchScreen.storyboard */; };
		13D1EEBB2146EDD100701578 /* TesteiOsTests.swift in Sources */ = {isa = PBXBuildFile; fileRef = 13D1EEBA2146EDD100701578 /* TesteiOsTests.swift */; };
		13D1EEC62146EDD100701578 /* TesteiOsUITests.swift in Sources */ = {isa = PBXBuildFile; fileRef = 13D1EEC52146EDD100701578 /* TesteiOsUITests.swift */; };
		13D1EED92146F0A900701578 /* Cell.swift in Sources */ = {isa = PBXBuildFile; fileRef = 13D1EED82146F0A900701578 /* Cell.swift */; };
		13D1EEDF2146F2C400701578 /* Screen.swift in Sources */ = {isa = PBXBuildFile; fileRef = 13D1EEDE2146F2C400701578 /* Screen.swift */; };
		13D1EEE62146FA1400701578 /* CreateContactInteractor.swift in Sources */ = {isa = PBXBuildFile; fileRef = 13D1EEE52146FA1400701578 /* CreateContactInteractor.swift */; };
		13D1EEE82146FA7500701578 /* CreateContactViewController.swift in Sources */ = {isa = PBXBuildFile; fileRef = 13D1EEE72146FA7500701578 /* CreateContactViewController.swift */; };
		13D1EEEA2146FAFD00701578 /* CreateContactPresenter.swift in Sources */ = {isa = PBXBuildFile; fileRef = 13D1EEE92146FAFD00701578 /* CreateContactPresenter.swift */; };
		13D1EEEC2146FB3100701578 /* ShowInvestmentInteractor.swift in Sources */ = {isa = PBXBuildFile; fileRef = 13D1EEEB2146FB3100701578 /* ShowInvestmentInteractor.swift */; };
		13D1EEEE2146FB4900701578 /* ShowInvestmentViewController.swift in Sources */ = {isa = PBXBuildFile; fileRef = 13D1EEED2146FB4900701578 /* ShowInvestmentViewController.swift */; };
		13D1EEF02146FB6200701578 /* ShowInvestmentPresenter.swift in Sources */ = {isa = PBXBuildFile; fileRef = 13D1EEEF2146FB6200701578 /* ShowInvestmentPresenter.swift */; };
		13D1EEF42146FC6D00701578 /* CellsWorker.swift in Sources */ = {isa = PBXBuildFile; fileRef = 13D1EEF32146FC6D00701578 /* CellsWorker.swift */; };
		13D1EEF62146FC8F00701578 /* ScreensWorker.swift in Sources */ = {isa = PBXBuildFile; fileRef = 13D1EEF52146FC8F00701578 /* ScreensWorker.swift */; };
		13D1EEF82146FDAA00701578 /* CellsAPI.swift in Sources */ = {isa = PBXBuildFile; fileRef = 13D1EEF72146FDAA00701578 /* CellsAPI.swift */; };
		13D1EEFA2146FDB800701578 /* ScreensAPI.swift in Sources */ = {isa = PBXBuildFile; fileRef = 13D1EEF92146FDB800701578 /* ScreensAPI.swift */; };
/* End PBXBuildFile section */

/* Begin PBXContainerItemProxy section */
		13D1EEB72146EDD100701578 /* PBXContainerItemProxy */ = {
			isa = PBXContainerItemProxy;
			containerPortal = 13D1EE9A2146EDCF00701578 /* Project object */;
			proxyType = 1;
			remoteGlobalIDString = 13D1EEA12146EDCF00701578;
			remoteInfo = TesteiOs;
		};
		13D1EEC22146EDD100701578 /* PBXContainerItemProxy */ = {
			isa = PBXContainerItemProxy;
			containerPortal = 13D1EE9A2146EDCF00701578 /* Project object */;
			proxyType = 1;
			remoteGlobalIDString = 13D1EEA12146EDCF00701578;
			remoteInfo = TesteiOs;
		};
/* End PBXContainerItemProxy section */

/* Begin PBXFileReference section */
		13D1EEA22146EDCF00701578 /* TesteiOs.app */ = {isa = PBXFileReference; explicitFileType = wrapper.application; includeInIndex = 0; path = TesteiOs.app; sourceTree = BUILT_PRODUCTS_DIR; };
		13D1EEA52146EDCF00701578 /* AppDelegate.swift */ = {isa = PBXFileReference; lastKnownFileType = sourcecode.swift; path = AppDelegate.swift; sourceTree = "<group>"; };
		13D1EEA72146EDCF00701578 /* ViewController.swift */ = {isa = PBXFileReference; lastKnownFileType = sourcecode.swift; path = ViewController.swift; sourceTree = "<group>"; };
		13D1EEAA2146EDCF00701578 /* Base */ = {isa = PBXFileReference; lastKnownFileType = file.storyboard; name = Base; path = Base.lproj/Main.storyboard; sourceTree = "<group>"; };
		13D1EEAC2146EDD100701578 /* Assets.xcassets */ = {isa = PBXFileReference; lastKnownFileType = folder.assetcatalog; path = Assets.xcassets; sourceTree = "<group>"; };
		13D1EEAF2146EDD100701578 /* Base */ = {isa = PBXFileReference; lastKnownFileType = file.storyboard; name = Base; path = Base.lproj/LaunchScreen.storyboard; sourceTree = "<group>"; };
		13D1EEB12146EDD100701578 /* Info.plist */ = {isa = PBXFileReference; lastKnownFileType = text.plist.xml; path = Info.plist; sourceTree = "<group>"; };
		13D1EEB62146EDD100701578 /* TesteiOsTests.xctest */ = {isa = PBXFileReference; explicitFileType = wrapper.cfbundle; includeInIndex = 0; path = TesteiOsTests.xctest; sourceTree = BUILT_PRODUCTS_DIR; };
		13D1EEBA2146EDD100701578 /* TesteiOsTests.swift */ = {isa = PBXFileReference; lastKnownFileType = sourcecode.swift; path = TesteiOsTests.swift; sourceTree = "<group>"; };
		13D1EEBC2146EDD100701578 /* Info.plist */ = {isa = PBXFileReference; lastKnownFileType = text.plist.xml; path = Info.plist; sourceTree = "<group>"; };
		13D1EEC12146EDD100701578 /* TesteiOsUITests.xctest */ = {isa = PBXFileReference; explicitFileType = wrapper.cfbundle; includeInIndex = 0; path = TesteiOsUITests.xctest; sourceTree = BUILT_PRODUCTS_DIR; };
		13D1EEC52146EDD100701578 /* TesteiOsUITests.swift */ = {isa = PBXFileReference; lastKnownFileType = sourcecode.swift; path = TesteiOsUITests.swift; sourceTree = "<group>"; };
		13D1EEC72146EDD100701578 /* Info.plist */ = {isa = PBXFileReference; lastKnownFileType = text.plist.xml; path = Info.plist; sourceTree = "<group>"; };
		13D1EED82146F0A900701578 /* Cell.swift */ = {isa = PBXFileReference; lastKnownFileType = sourcecode.swift; path = Cell.swift; sourceTree = "<group>"; };
		13D1EEDE2146F2C400701578 /* Screen.swift */ = {isa = PBXFileReference; lastKnownFileType = sourcecode.swift; path = Screen.swift; sourceTree = "<group>"; };
		13D1EEE52146FA1400701578 /* CreateContactInteractor.swift */ = {isa = PBXFileReference; lastKnownFileType = sourcecode.swift; path = CreateContactInteractor.swift; sourceTree = "<group>"; };
		13D1EEE72146FA7500701578 /* CreateContactViewController.swift */ = {isa = PBXFileReference; lastKnownFileType = sourcecode.swift; path = CreateContactViewController.swift; sourceTree = "<group>"; };
		13D1EEE92146FAFD00701578 /* CreateContactPresenter.swift */ = {isa = PBXFileReference; lastKnownFileType = sourcecode.swift; path = CreateContactPresenter.swift; sourceTree = "<group>"; };
		13D1EEEB2146FB3100701578 /* ShowInvestmentInteractor.swift */ = {isa = PBXFileReference; lastKnownFileType = sourcecode.swift; path = ShowInvestmentInteractor.swift; sourceTree = "<group>"; };
		13D1EEED2146FB4900701578 /* ShowInvestmentViewController.swift */ = {isa = PBXFileReference; lastKnownFileType = sourcecode.swift; path = ShowInvestmentViewController.swift; sourceTree = "<group>"; };
		13D1EEEF2146FB6200701578 /* ShowInvestmentPresenter.swift */ = {isa = PBXFileReference; lastKnownFileType = sourcecode.swift; path = ShowInvestmentPresenter.swift; sourceTree = "<group>"; };
		13D1EEF32146FC6D00701578 /* CellsWorker.swift */ = {isa = PBXFileReference; lastKnownFileType = sourcecode.swift; path = CellsWorker.swift; sourceTree = "<group>"; };
		13D1EEF52146FC8F00701578 /* ScreensWorker.swift */ = {isa = PBXFileReference; lastKnownFileType = sourcecode.swift; path = ScreensWorker.swift; sourceTree = "<group>"; };
		13D1EEF72146FDAA00701578 /* CellsAPI.swift */ = {isa = PBXFileReference; lastKnownFileType = sourcecode.swift; path = CellsAPI.swift; sourceTree = "<group>"; };
		13D1EEF92146FDB800701578 /* ScreensAPI.swift */ = {isa = PBXFileReference; lastKnownFileType = sourcecode.swift; path = ScreensAPI.swift; sourceTree = "<group>"; };
/* End PBXFileReference section */

/* Begin PBXFrameworksBuildPhase section */
		13D1EE9F2146EDCF00701578 /* Frameworks */ = {
			isa = PBXFrameworksBuildPhase;
			buildActionMask = 2147483647;
			files = (
			);
			runOnlyForDeploymentPostprocessing = 0;
		};
		13D1EEB32146EDD100701578 /* Frameworks */ = {
			isa = PBXFrameworksBuildPhase;
			buildActionMask = 2147483647;
			files = (
			);
			runOnlyForDeploymentPostprocessing = 0;
		};
		13D1EEBE2146EDD100701578 /* Frameworks */ = {
			isa = PBXFrameworksBuildPhase;
			buildActionMask = 2147483647;
			files = (
			);
			runOnlyForDeploymentPostprocessing = 0;
		};
/* End PBXFrameworksBuildPhase section */

/* Begin PBXGroup section */
		13D1EE992146EDCF00701578 = {
			isa = PBXGroup;
			children = (
				13D1EEA42146EDCF00701578 /* TesteiOs */,
				13D1EEB92146EDD100701578 /* TesteiOsTests */,
				13D1EEC42146EDD100701578 /* TesteiOsUITests */,
				13D1EEA32146EDCF00701578 /* Products */,
			);
			sourceTree = "<group>";
		};
		13D1EEA32146EDCF00701578 /* Products */ = {
			isa = PBXGroup;
			children = (
				13D1EEA22146EDCF00701578 /* TesteiOs.app */,
				13D1EEB62146EDD100701578 /* TesteiOsTests.xctest */,
				13D1EEC12146EDD100701578 /* TesteiOsUITests.xctest */,
			);
			name = Products;
			sourceTree = "<group>";
		};
		13D1EEA42146EDCF00701578 /* TesteiOs */ = {
			isa = PBXGroup;
			children = (
				13D1EEA52146EDCF00701578 /* AppDelegate.swift */,
				13D1EEAC2146EDD100701578 /* Assets.xcassets */,
				13D1EEB12146EDD100701578 /* Info.plist */,
				13D1EEAE2146EDD100701578 /* LaunchScreen.storyboard */,
				13D1EEA92146EDCF00701578 /* Main.storyboard */,
				13D1EED32146EEBE00701578 /* Models */,
				13D1EEE02146F33800701578 /* Scenes */,
				13D1EEDC2146F0E100701578 /* Services */,
				13D1EEA72146EDCF00701578 /* ViewController.swift */,
				13D1EEDD2146F1EC00701578 /* Workers */,
			);
			path = TesteiOs;
			sourceTree = "<group>";
		};
		13D1EEB92146EDD100701578 /* TesteiOsTests */ = {
			isa = PBXGroup;
			children = (
				13D1EEBA2146EDD100701578 /* TesteiOsTests.swift */,
				13D1EEBC2146EDD100701578 /* Info.plist */,
			);
			path = TesteiOsTests;
			sourceTree = "<group>";
		};
		13D1EEC42146EDD100701578 /* TesteiOsUITests */ = {
			isa = PBXGroup;
			children = (
				13D1EEC52146EDD100701578 /* TesteiOsUITests.swift */,
				13D1EEC72146EDD100701578 /* Info.plist */,
			);
			path = TesteiOsUITests;
			sourceTree = "<group>";
		};
		13D1EED32146EEBE00701578 /* Models */ = {
			isa = PBXGroup;
			children = (
				13D1EED82146F0A900701578 /* Cell.swift */,
				13D1EEDE2146F2C400701578 /* Screen.swift */,
			);
			path = Models;
			sourceTree = "<group>";
		};
		13D1EEDC2146F0E100701578 /* Services */ = {
			isa = PBXGroup;
			children = (
				13D1EEF72146FDAA00701578 /* CellsAPI.swift */,
				13D1EEF92146FDB800701578 /* ScreensAPI.swift */,
			);
			path = Services;
			sourceTree = "<group>";
		};
		13D1EEDD2146F1EC00701578 /* Workers */ = {
			isa = PBXGroup;
			children = (
				13D1EEF32146FC6D00701578 /* CellsWorker.swift */,
				13D1EEF52146FC8F00701578 /* ScreensWorker.swift */,
			);
			path = Workers;
			sourceTree = "<group>";
		};
		13D1EEE02146F33800701578 /* Scenes */ = {
			isa = PBXGroup;
			children = (
				13D1EEE22146F9A300701578 /* ShowInvestment */,
				13D1EEE12146F99800701578 /* CreateContact */,
			);
			path = Scenes;
			sourceTree = "<group>";
		};
		13D1EEE12146F99800701578 /* CreateContact */ = {
			isa = PBXGroup;
			children = (
				13D1EEE52146FA1400701578 /* CreateContactInteractor.swift */,
				13D1EEE72146FA7500701578 /* CreateContactViewController.swift */,
				13D1EEE92146FAFD00701578 /* CreateContactPresenter.swift */,
			);
			path = CreateContact;
			sourceTree = "<group>";
		};
		13D1EEE22146F9A300701578 /* ShowInvestment */ = {
			isa = PBXGroup;
			children = (
				13D1EEEB2146FB3100701578 /* ShowInvestmentInteractor.swift */,
				13D1EEED2146FB4900701578 /* ShowInvestmentViewController.swift */,
				13D1EEEF2146FB6200701578 /* ShowInvestmentPresenter.swift */,
			);
			path = ShowInvestment;
			sourceTree = "<group>";
		};
/* End PBXGroup section */

/* Begin PBXNativeTarget section */
		13D1EEA12146EDCF00701578 /* TesteiOs */ = {
			isa = PBXNativeTarget;
			buildConfigurationList = 13D1EECA2146EDD100701578 /* Build configuration list for PBXNativeTarget "TesteiOs" */;
			buildPhases = (
				13D1EE9E2146EDCF00701578 /* Sources */,
				13D1EE9F2146EDCF00701578 /* Frameworks */,
				13D1EEA02146EDCF00701578 /* Resources */,
			);
			buildRules = (
			);
			dependencies = (
			);
			name = TesteiOs;
			productName = TesteiOs;
			productReference = 13D1EEA22146EDCF00701578 /* TesteiOs.app */;
			productType = "com.apple.product-type.application";
		};
		13D1EEB52146EDD100701578 /* TesteiOsTests */ = {
			isa = PBXNativeTarget;
			buildConfigurationList = 13D1EECD2146EDD100701578 /* Build configuration list for PBXNativeTarget "TesteiOsTests" */;
			buildPhases = (
				13D1EEB22146EDD100701578 /* Sources */,
				13D1EEB32146EDD100701578 /* Frameworks */,
				13D1EEB42146EDD100701578 /* Resources */,
			);
			buildRules = (
			);
			dependencies = (
				13D1EEB82146EDD100701578 /* PBXTargetDependency */,
			);
			name = TesteiOsTests;
			productName = TesteiOsTests;
			productReference = 13D1EEB62146EDD100701578 /* TesteiOsTests.xctest */;
			productType = "com.apple.product-type.bundle.unit-test";
		};
		13D1EEC02146EDD100701578 /* TesteiOsUITests */ = {
			isa = PBXNativeTarget;
			buildConfigurationList = 13D1EED02146EDD100701578 /* Build configuration list for PBXNativeTarget "TesteiOsUITests" */;
			buildPhases = (
				13D1EEBD2146EDD100701578 /* Sources */,
				13D1EEBE2146EDD100701578 /* Frameworks */,
				13D1EEBF2146EDD100701578 /* Resources */,
			);
			buildRules = (
			);
			dependencies = (
				13D1EEC32146EDD100701578 /* PBXTargetDependency */,
			);
			name = TesteiOsUITests;
			productName = TesteiOsUITests;
			productReference = 13D1EEC12146EDD100701578 /* TesteiOsUITests.xctest */;
			productType = "com.apple.product-type.bundle.ui-testing";
		};
/* End PBXNativeTarget section */

/* Begin PBXProject section */
		13D1EE9A2146EDCF00701578 /* Project object */ = {
			isa = PBXProject;
			attributes = {
				LastSwiftUpdateCheck = 0940;
				LastUpgradeCheck = 0940;
				ORGANIZATIONNAME = "Natalia Favero";
				TargetAttributes = {
					13D1EEA12146EDCF00701578 = {
						CreatedOnToolsVersion = 9.4.1;
					};
					13D1EEB52146EDD100701578 = {
						CreatedOnToolsVersion = 9.4.1;
						TestTargetID = 13D1EEA12146EDCF00701578;
					};
					13D1EEC02146EDD100701578 = {
						CreatedOnToolsVersion = 9.4.1;
						TestTargetID = 13D1EEA12146EDCF00701578;
					};
				};
			};
			buildConfigurationList = 13D1EE9D2146EDCF00701578 /* Build configuration list for PBXProject "TesteiOs" */;
			compatibilityVersion = "Xcode 9.3";
			developmentRegion = en;
			hasScannedForEncodings = 0;
			knownRegions = (
				en,
				Base,
			);
			mainGroup = 13D1EE992146EDCF00701578;
			productRefGroup = 13D1EEA32146EDCF00701578 /* Products */;
			projectDirPath = "";
			projectRoot = "";
			targets = (
				13D1EEA12146EDCF00701578 /* TesteiOs */,
				13D1EEB52146EDD100701578 /* TesteiOsTests */,
				13D1EEC02146EDD100701578 /* TesteiOsUITests */,
			);
		};
/* End PBXProject section */

/* Begin PBXResourcesBuildPhase section */
		13D1EEA02146EDCF00701578 /* Resources */ = {
			isa = PBXResourcesBuildPhase;
			buildActionMask = 2147483647;
			files = (
				13D1EEB02146EDD100701578 /* LaunchScreen.storyboard in Resources */,
				13D1EEAD2146EDD100701578 /* Assets.xcassets in Resources */,
				13D1EEAB2146EDCF00701578 /* Main.storyboard in Resources */,
			);
			runOnlyForDeploymentPostprocessing = 0;
		};
		13D1EEB42146EDD100701578 /* Resources */ = {
			isa = PBXResourcesBuildPhase;
			buildActionMask = 2147483647;
			files = (
			);
			runOnlyForDeploymentPostprocessing = 0;
		};
		13D1EEBF2146EDD100701578 /* Resources */ = {
			isa = PBXResourcesBuildPhase;
			buildActionMask = 2147483647;
			files = (
			);
			runOnlyForDeploymentPostprocessing = 0;
		};
/* End PBXResourcesBuildPhase section */

/* Begin PBXSourcesBuildPhase section */
		13D1EE9E2146EDCF00701578 /* Sources */ = {
			isa = PBXSourcesBuildPhase;
			buildActionMask = 2147483647;
			files = (
				13D1EEF42146FC6D00701578 /* CellsWorker.swift in Sources */,
				13D1EED92146F0A900701578 /* Cell.swift in Sources */,
				13D1EEFA2146FDB800701578 /* ScreensAPI.swift in Sources */,
				13D1EEA82146EDCF00701578 /* ViewController.swift in Sources */,
				13D1EEF62146FC8F00701578 /* ScreensWorker.swift in Sources */,
				13D1EEEC2146FB3100701578 /* ShowInvestmentInteractor.swift in Sources */,
				13D1EEEE2146FB4900701578 /* ShowInvestmentViewController.swift in Sources */,
				13D1EEF82146FDAA00701578 /* CellsAPI.swift in Sources */,
				13D1EEF02146FB6200701578 /* ShowInvestmentPresenter.swift in Sources */,
				13D1EEEA2146FAFD00701578 /* CreateContactPresenter.swift in Sources */,
				13D1EEA62146EDCF00701578 /* AppDelegate.swift in Sources */,
				13D1EEDF2146F2C400701578 /* Screen.swift in Sources */,
				13D1EEE62146FA1400701578 /* CreateContactInteractor.swift in Sources */,
				13D1EEE82146FA7500701578 /* CreateContactViewController.swift in Sources */,
			);
			runOnlyForDeploymentPostprocessing = 0;
		};
		13D1EEB22146EDD100701578 /* Sources */ = {
			isa = PBXSourcesBuildPhase;
			buildActionMask = 2147483647;
			files = (
				13D1EEBB2146EDD100701578 /* TesteiOsTests.swift in Sources */,
			);
			runOnlyForDeploymentPostprocessing = 0;
		};
		13D1EEBD2146EDD100701578 /* Sources */ = {
			isa = PBXSourcesBuildPhase;
			buildActionMask = 2147483647;
			files = (
				13D1EEC62146EDD100701578 /* TesteiOsUITests.swift in Sources */,
			);
			runOnlyForDeploymentPostprocessing = 0;
		};
/* End PBXSourcesBuildPhase section */

/* Begin PBXTargetDependency section */
		13D1EEB82146EDD100701578 /* PBXTargetDependency */ = {
			isa = PBXTargetDependency;
			target = 13D1EEA12146EDCF00701578 /* TesteiOs */;
			targetProxy = 13D1EEB72146EDD100701578 /* PBXContainerItemProxy */;
		};
		13D1EEC32146EDD100701578 /* PBXTargetDependency */ = {
			isa = PBXTargetDependency;
			target = 13D1EEA12146EDCF00701578 /* TesteiOs */;
			targetProxy = 13D1EEC22146EDD100701578 /* PBXContainerItemProxy */;
		};
/* End PBXTargetDependency section */

/* Begin PBXVariantGroup section */
		13D1EEA92146EDCF00701578 /* Main.storyboard */ = {
			isa = PBXVariantGroup;
			children = (
				13D1EEAA2146EDCF00701578 /* Base */,
			);
			name = Main.storyboard;
			sourceTree = "<group>";
		};
		13D1EEAE2146EDD100701578 /* LaunchScreen.storyboard */ = {
			isa = PBXVariantGroup;
			children = (
				13D1EEAF2146EDD100701578 /* Base */,
			);
			name = LaunchScreen.storyboard;
			sourceTree = "<group>";
		};
/* End PBXVariantGroup section */

/* Begin XCBuildConfiguration section */
		13D1EEC82146EDD100701578 /* Debug */ = {
			isa = XCBuildConfiguration;
			buildSettings = {
				ALWAYS_SEARCH_USER_PATHS = NO;
				CLANG_ANALYZER_NONNULL = YES;
				CLANG_ANALYZER_NUMBER_OBJECT_CONVERSION = YES_AGGRESSIVE;
				CLANG_CXX_LANGUAGE_STANDARD = "gnu++14";
				CLANG_CXX_LIBRARY = "libc++";
				CLANG_ENABLE_MODULES = YES;
				CLANG_ENABLE_OBJC_ARC = YES;
				CLANG_ENABLE_OBJC_WEAK = YES;
				CLANG_WARN_BLOCK_CAPTURE_AUTORELEASING = YES;
				CLANG_WARN_BOOL_CONVERSION = YES;
				CLANG_WARN_COMMA = YES;
				CLANG_WARN_CONSTANT_CONVERSION = YES;
				CLANG_WARN_DEPRECATED_OBJC_IMPLEMENTATIONS = YES;
				CLANG_WARN_DIRECT_OBJC_ISA_USAGE = YES_ERROR;
				CLANG_WARN_DOCUMENTATION_COMMENTS = YES;
				CLANG_WARN_EMPTY_BODY = YES;
				CLANG_WARN_ENUM_CONVERSION = YES;
				CLANG_WARN_INFINITE_RECURSION = YES;
				CLANG_WARN_INT_CONVERSION = YES;
				CLANG_WARN_NON_LITERAL_NULL_CONVERSION = YES;
				CLANG_WARN_OBJC_IMPLICIT_RETAIN_SELF = YES;
				CLANG_WARN_OBJC_LITERAL_CONVERSION = YES;
				CLANG_WARN_OBJC_ROOT_CLASS = YES_ERROR;
				CLANG_WARN_RANGE_LOOP_ANALYSIS = YES;
				CLANG_WARN_STRICT_PROTOTYPES = YES;
				CLANG_WARN_SUSPICIOUS_MOVE = YES;
				CLANG_WARN_UNGUARDED_AVAILABILITY = YES_AGGRESSIVE;
				CLANG_WARN_UNREACHABLE_CODE = YES;
				CLANG_WARN__DUPLICATE_METHOD_MATCH = YES;
				CODE_SIGN_IDENTITY = "iPhone Developer";
				COPY_PHASE_STRIP = NO;
				DEBUG_INFORMATION_FORMAT = dwarf;
				ENABLE_STRICT_OBJC_MSGSEND = YES;
				ENABLE_TESTABILITY = YES;
				GCC_C_LANGUAGE_STANDARD = gnu11;
				GCC_DYNAMIC_NO_PIC = NO;
				GCC_NO_COMMON_BLOCKS = YES;
				GCC_OPTIMIZATION_LEVEL = 0;
				GCC_PREPROCESSOR_DEFINITIONS = (
					"DEBUG=1",
					"$(inherited)",
				);
				GCC_WARN_64_TO_32_BIT_CONVERSION = YES;
				GCC_WARN_ABOUT_RETURN_TYPE = YES_ERROR;
				GCC_WARN_UNDECLARED_SELECTOR = YES;
				GCC_WARN_UNINITIALIZED_AUTOS = YES_AGGRESSIVE;
				GCC_WARN_UNUSED_FUNCTION = YES;
				GCC_WARN_UNUSED_VARIABLE = YES;
				IPHONEOS_DEPLOYMENT_TARGET = 11.4;
				MTL_ENABLE_DEBUG_INFO = YES;
				ONLY_ACTIVE_ARCH = YES;
				SDKROOT = iphoneos;
				SWIFT_ACTIVE_COMPILATION_CONDITIONS = DEBUG;
				SWIFT_OPTIMIZATION_LEVEL = "-Onone";
			};
			name = Debug;
		};
		13D1EEC92146EDD100701578 /* Release */ = {
			isa = XCBuildConfiguration;
			buildSettings = {
				ALWAYS_SEARCH_USER_PATHS = NO;
				CLANG_ANALYZER_NONNULL = YES;
				CLANG_ANALYZER_NUMBER_OBJECT_CONVERSION = YES_AGGRESSIVE;
				CLANG_CXX_LANGUAGE_STANDARD = "gnu++14";
				CLANG_CXX_LIBRARY = "libc++";
				CLANG_ENABLE_MODULES = YES;
				CLANG_ENABLE_OBJC_ARC = YES;
				CLANG_ENABLE_OBJC_WEAK = YES;
				CLANG_WARN_BLOCK_CAPTURE_AUTORELEASING = YES;
				CLANG_WARN_BOOL_CONVERSION = YES;
				CLANG_WARN_COMMA = YES;
				CLANG_WARN_CONSTANT_CONVERSION = YES;
				CLANG_WARN_DEPRECATED_OBJC_IMPLEMENTATIONS = YES;
				CLANG_WARN_DIRECT_OBJC_ISA_USAGE = YES_ERROR;
				CLANG_WARN_DOCUMENTATION_COMMENTS = YES;
				CLANG_WARN_EMPTY_BODY = YES;
				CLANG_WARN_ENUM_CONVERSION = YES;
				CLANG_WARN_INFINITE_RECURSION = YES;
				CLANG_WARN_INT_CONVERSION = YES;
				CLANG_WARN_NON_LITERAL_NULL_CONVERSION = YES;
				CLANG_WARN_OBJC_IMPLICIT_RETAIN_SELF = YES;
				CLANG_WARN_OBJC_LITERAL_CONVERSION = YES;
				CLANG_WARN_OBJC_ROOT_CLASS = YES_ERROR;
				CLANG_WARN_RANGE_LOOP_ANALYSIS = YES;
				CLANG_WARN_STRICT_PROTOTYPES = YES;
				CLANG_WARN_SUSPICIOUS_MOVE = YES;
				CLANG_WARN_UNGUARDED_AVAILABILITY = YES_AGGRESSIVE;
				CLANG_WARN_UNREACHABLE_CODE = YES;
				CLANG_WARN__DUPLICATE_METHOD_MATCH = YES;
				CODE_SIGN_IDENTITY = "iPhone Developer";
				COPY_PHASE_STRIP = NO;
				DEBUG_INFORMATION_FORMAT = "dwarf-with-dsym";
				ENABLE_NS_ASSERTIONS = NO;
				ENABLE_STRICT_OBJC_MSGSEND = YES;
				GCC_C_LANGUAGE_STANDARD = gnu11;
				GCC_NO_COMMON_BLOCKS = YES;
				GCC_WARN_64_TO_32_BIT_CONVERSION = YES;
				GCC_WARN_ABOUT_RETURN_TYPE = YES_ERROR;
				GCC_WARN_UNDECLARED_SELECTOR = YES;
				GCC_WARN_UNINITIALIZED_AUTOS = YES_AGGRESSIVE;
				GCC_WARN_UNUSED_FUNCTION = YES;
				GCC_WARN_UNUSED_VARIABLE = YES;
				IPHONEOS_DEPLOYMENT_TARGET = 11.4;
				MTL_ENABLE_DEBUG_INFO = NO;
				SDKROOT = iphoneos;
				SWIFT_COMPILATION_MODE = wholemodule;
				SWIFT_OPTIMIZATION_LEVEL = "-O";
				VALIDATE_PRODUCT = YES;
			};
			name = Release;
		};
		13D1EECB2146EDD100701578 /* Debug */ = {
			isa = XCBuildConfiguration;
			buildSettings = {
				ASSETCATALOG_COMPILER_APPICON_NAME = AppIcon;
				CODE_SIGN_STYLE = Automatic;
				DEVELOPMENT_TEAM = 673Z8GJCES;
				INFOPLIST_FILE = TesteiOs/Info.plist;
				IPHONEOS_DEPLOYMENT_TARGET = 9.0;
				LD_RUNPATH_SEARCH_PATHS = (
					"$(inherited)",
					"@executable_path/Frameworks",
				);
				PRODUCT_BUNDLE_IDENTIFIER = com.santander.TesteiOs;
				PRODUCT_NAME = "$(TARGET_NAME)";
				SWIFT_VERSION = 4.0;
				TARGETED_DEVICE_FAMILY = "1,2";
			};
			name = Debug;
		};
		13D1EECC2146EDD100701578 /* Release */ = {
			isa = XCBuildConfiguration;
			buildSettings = {
				ASSETCATALOG_COMPILER_APPICON_NAME = AppIcon;
				CODE_SIGN_STYLE = Automatic;
				DEVELOPMENT_TEAM = 673Z8GJCES;
				INFOPLIST_FILE = TesteiOs/Info.plist;
				IPHONEOS_DEPLOYMENT_TARGET = 9.0;
				LD_RUNPATH_SEARCH_PATHS = (
					"$(inherited)",
					"@executable_path/Frameworks",
				);
				PRODUCT_BUNDLE_IDENTIFIER = com.santander.TesteiOs;
				PRODUCT_NAME = "$(TARGET_NAME)";
				SWIFT_VERSION = 4.0;
				TARGETED_DEVICE_FAMILY = "1,2";
			};
			name = Release;
		};
		13D1EECE2146EDD100701578 /* Debug */ = {
			isa = XCBuildConfiguration;
			buildSettings = {
				ALWAYS_EMBED_SWIFT_STANDARD_LIBRARIES = YES;
				BUNDLE_LOADER = "$(TEST_HOST)";
				CODE_SIGN_STYLE = Automatic;
				INFOPLIST_FILE = TesteiOsTests/Info.plist;
				LD_RUNPATH_SEARCH_PATHS = (
					"$(inherited)",
					"@executable_path/Frameworks",
					"@loader_path/Frameworks",
				);
				PRODUCT_BUNDLE_IDENTIFIER = com.santander.TesteiOsTests;
				PRODUCT_NAME = "$(TARGET_NAME)";
				SWIFT_VERSION = 4.0;
				TARGETED_DEVICE_FAMILY = "1,2";
				TEST_HOST = "$(BUILT_PRODUCTS_DIR)/TesteiOs.app/TesteiOs";
			};
			name = Debug;
		};
		13D1EECF2146EDD100701578 /* Release */ = {
			isa = XCBuildConfiguration;
			buildSettings = {
				ALWAYS_EMBED_SWIFT_STANDARD_LIBRARIES = YES;
				BUNDLE_LOADER = "$(TEST_HOST)";
				CODE_SIGN_STYLE = Automatic;
				INFOPLIST_FILE = TesteiOsTests/Info.plist;
				LD_RUNPATH_SEARCH_PATHS = (
					"$(inherited)",
					"@executable_path/Frameworks",
					"@loader_path/Frameworks",
				);
				PRODUCT_BUNDLE_IDENTIFIER = com.santander.TesteiOsTests;
				PRODUCT_NAME = "$(TARGET_NAME)";
				SWIFT_VERSION = 4.0;
				TARGETED_DEVICE_FAMILY = "1,2";
				TEST_HOST = "$(BUILT_PRODUCTS_DIR)/TesteiOs.app/TesteiOs";
			};
			name = Release;
		};
		13D1EED12146EDD100701578 /* Debug */ = {
			isa = XCBuildConfiguration;
			buildSettings = {
				ALWAYS_EMBED_SWIFT_STANDARD_LIBRARIES = YES;
				CODE_SIGN_STYLE = Automatic;
				INFOPLIST_FILE = TesteiOsUITests/Info.plist;
				LD_RUNPATH_SEARCH_PATHS = (
					"$(inherited)",
					"@executable_path/Frameworks",
					"@loader_path/Frameworks",
				);
				PRODUCT_BUNDLE_IDENTIFIER = com.santander.TesteiOsUITests;
				PRODUCT_NAME = "$(TARGET_NAME)";
				SWIFT_VERSION = 4.0;
				TARGETED_DEVICE_FAMILY = "1,2";
				TEST_TARGET_NAME = TesteiOs;
			};
			name = Debug;
		};
		13D1EED22146EDD100701578 /* Release */ = {
			isa = XCBuildConfiguration;
			buildSettings = {
				ALWAYS_EMBED_SWIFT_STANDARD_LIBRARIES = YES;
				CODE_SIGN_STYLE = Automatic;
				INFOPLIST_FILE = TesteiOsUITests/Info.plist;
				LD_RUNPATH_SEARCH_PATHS = (
					"$(inherited)",
					"@executable_path/Frameworks",
					"@loader_path/Frameworks",
				);
				PRODUCT_BUNDLE_IDENTIFIER = com.santander.TesteiOsUITests;
				PRODUCT_NAME = "$(TARGET_NAME)";
				SWIFT_VERSION = 4.0;
				TARGETED_DEVICE_FAMILY = "1,2";
				TEST_TARGET_NAME = TesteiOs;
			};
			name = Release;
		};
/* End XCBuildConfiguration section */

/* Begin XCConfigurationList section */
		13D1EE9D2146EDCF00701578 /* Build configuration list for PBXProject "TesteiOs" */ = {
			isa = XCConfigurationList;
			buildConfigurations = (
				13D1EEC82146EDD100701578 /* Debug */,
				13D1EEC92146EDD100701578 /* Release */,
			);
			defaultConfigurationIsVisible = 0;
			defaultConfigurationName = Release;
		};
		13D1EECA2146EDD100701578 /* Build configuration list for PBXNativeTarget "TesteiOs" */ = {
			isa = XCConfigurationList;
			buildConfigurations = (
				13D1EECB2146EDD100701578 /* Debug */,
				13D1EECC2146EDD100701578 /* Release */,
			);
			defaultConfigurationIsVisible = 0;
			defaultConfigurationName = Release;
		};
		13D1EECD2146EDD100701578 /* Build configuration list for PBXNativeTarget "TesteiOsTests" */ = {
			isa = XCConfigurationList;
			buildConfigurations = (
				13D1EECE2146EDD100701578 /* Debug */,
				13D1EECF2146EDD100701578 /* Release */,
			);
			defaultConfigurationIsVisible = 0;
			defaultConfigurationName = Release;
		};
		13D1EED02146EDD100701578 /* Build configuration list for PBXNativeTarget "TesteiOsUITests" */ = {
			isa = XCConfigurationList;
			buildConfigurations = (
				13D1EED12146EDD100701578 /* Debug */,
				13D1EED22146EDD100701578 /* Release */,
			);
			defaultConfigurationIsVisible = 0;
			defaultConfigurationName = Release;
		};
/* End XCConfigurationList section */
	};
	rootObject = 13D1EE9A2146EDCF00701578 /* Project object */;
}
